# This file was autogenerated by Stack.
# You should not edit this file by hand.
# For more information, please see the documentation at:
#   https://docs.haskellstack.org/en/stable/lock_files

packages:
- completed:
    hackage: diagnose-2.5.1@sha256:853fd268d7fe0191b79d73187104bf7b4bc5ce3bc3483cb088dc10b09f18abc8,5977
    pantry-tree:
      sha256: 99b2b3c2b2d3769ef45b030b0578ac7b3ce8b1b68ae7dd511857e7690ad19f52
      size: 1401
  original:
    hackage: diagnose-2.5.1@sha256:853fd268d7fe0191b79d73187104bf7b4bc5ce3bc3483cb088dc10b09f18abc8,5977
- completed:
    hackage: text-2.0@sha256:f2207a6a51a8320c44dbd8b462723a8e39e2bfceda67e15f52fc12922259cbb0,8093
    pantry-tree:
      sha256: 1e4e5785f3302f6641899f5549963cbc478f4221096426162bf151e5bdb28127
      size: 7364
  original:
    hackage: text-2.0@sha256:f2207a6a51a8320c44dbd8b462723a8e39e2bfceda67e15f52fc12922259cbb0,8093
- completed:
    hackage: unification-fd-0.11.2.2@sha256:2eb9eae455b8db582d2706b23ed7eb2bbd1b48b064ec4c1988c2b7e95fcfb638,3919
    pantry-tree:
      sha256: 7c5bb60dab50ead6e0993a5806563bea114302daad264e57e482ac4c085b659d
      size: 1122
  original:
    hackage: unification-fd-0.11.2.2@sha256:2eb9eae455b8db582d2706b23ed7eb2bbd1b48b064ec4c1988c2b7e95fcfb638,3919
- completed:
    hackage: lens-regex-pcre-1.1.1.0@sha256:0d23a77311a5ad0d29fa12847ebbefeeeaa75b845a211d431eacb055da9df6a8,2209
    pantry-tree:
      sha256: 408ac374f16b049f9ccf12ed8c9fc621283360589aa470fa25b2ec6f501c1baf
      size: 630
  original:
    hackage: lens-regex-pcre-1.1.1.0
snapshots:
- completed:
    sha256: 8e7996960d864443a66eb4105338bbdd6830377b9f6f99cd5527ef73c10c01e7
    size: 719128
    url: https://raw.githubusercontent.com/commercialhaskell/stackage-snapshots/master/lts/22/26.yaml
  original: lts-22.26
